Microsoft Visual Studio Solution File, Format Version 12.00
# Visual Studio Version 17
VisualStudioVersion = 17.13.35919.96
MinimumVisualStudioVersion = 10.0.40219.1
Project("{F2A71F9B-5D33-465A-A702-920D77279786}") = "KD.RestSharp.OAuth2SecretAuthenticator", "KD.RestSharp.OAuth2SecretAuthenticator\KD.RestSharp.OAuth2SecretAuthenticator.fsproj", "{38F342DA-EC26-4760-A367-9C528DCEA200}"
EndProject
Project("{F2A71F9B-5D33-465A-A702-920D77279786}") = "LegacyFrameworkTest", "LegacyFrameworkTest\LegacyFrameworkTest.fsproj", "{2238AC78-5266-4C0D-B7E2-1E18DF2867E1}"
EndProject
Project("{FAE04EC0-301F-11D3-BF4B-00C04F79EFBC}") = "CsLegacyFrameworkTest", "CsLegacyFrameworkTest\CsLegacyFrameworkTest.csproj", "{8EC92B62-BB9E-4F7C-9410-6FEAEA340DFC}"
EndProject
Project("{F2A71F9B-5D33-465A-A702-920D77279786}") = "Test", "Test\Test.fsproj", "{BCB34449-FB7C-4F98-9BC4-9C904F688DBE}"
EndProject
Project("{FAE04EC0-301F-11D3-BF4B-00C04F79EFBC}") = "CsTest", "CsTest\CsTest.csproj", "{288D8ED3-A773-4330-A67C-DFE54DCE1026}"
EndProject
Global
	GlobalSection(SolutionConfigurationPlatforms) = preSolution
		Debug|Any CPU = Debug|Any CPU
		Release|Any CPU = Release|Any CPU
	EndGlobalSection
	GlobalSection(ProjectConfigurationPlatforms) = postSolution
		{38F342DA-EC26-4760-A367-9C528DCEA200}.Debug|Any CPU.ActiveCfg = Debug|Any CPU
		{38F342DA-EC26-4760-A367-9C528DCEA200}.Debug|Any CPU.Build.0 = Debug|Any CPU
		{38F342DA-EC26-4760-A367-9C528DCEA200}.Release|Any CPU.ActiveCfg = Release|Any CPU
		{38F342DA-EC26-4760-A367-9C528DCEA200}.Release|Any CPU.Build.0 = Release|Any CPU
		{2238AC78-5266-4C0D-B7E2-1E18DF2867E1}.Debug|Any CPU.ActiveCfg = Debug|Any CPU
		{2238AC78-5266-4C0D-B7E2-1E18DF2867E1}.Debug|Any CPU.Build.0 = Debug|Any CPU
		{2238AC78-5266-4C0D-B7E2-1E18DF2867E1}.Release|Any CPU.ActiveCfg = Release|Any CPU
		{2238AC78-5266-4C0D-B7E2-1E18DF2867E1}.Release|Any CPU.Build.0 = Release|Any CPU
		{8EC92B62-BB9E-4F7C-9410-6FEAEA340DFC}.Debug|Any CPU.ActiveCfg = Debug|Any CPU
		{8EC92B62-BB9E-4F7C-9410-6FEAEA340DFC}.Debug|Any CPU.Build.0 = Debug|Any CPU
		{8EC92B62-BB9E-4F7C-9410-6FEAEA340DFC}.Release|Any CPU.ActiveCfg = Release|Any CPU
		{8EC92B62-BB9E-4F7C-9410-6FEAEA340DFC}.Release|Any CPU.Build.0 = Release|Any CPU
		{BCB34449-FB7C-4F98-9BC4-9C904F688DBE}.Debug|Any CPU.ActiveCfg = Debug|Any CPU
		{BCB34449-FB7C-4F98-9BC4-9C904F688DBE}.Debug|Any CPU.Build.0 = Debug|Any CPU
		{BCB34449-FB7C-4F98-9BC4-9C904F688DBE}.Release|Any CPU.ActiveCfg = Release|Any CPU
		{BCB34449-FB7C-4F98-9BC4-9C904F688DBE}.Release|Any CPU.Build.0 = Release|Any CPU
		{288D8ED3-A773-4330-A67C-DFE54DCE1026}.Debug|Any CPU.ActiveCfg = Debug|Any CPU
		{288D8ED3-A773-4330-A67C-DFE54DCE1026}.Debug|Any CPU.Build.0 = Debug|Any CPU
		{288D8ED3-A773-4330-A67C-DFE54DCE1026}.Release|Any CPU.ActiveCfg = Release|Any CPU
		{288D8ED3-A773-4330-A67C-DFE54DCE1026}.Release|Any CPU.Build.0 = Release|Any CPU
	EndGlobalSection
	GlobalSection(SolutionProperties) = preSolution
		HideSolutionNode = FALSE
	EndGlobalSection
	GlobalSection(ExtensibilityGlobals) = postSolution
		SolutionGuid = {11EFB9CE-58E7-437F-BF49-B52E1445DD16}
	EndGlobalSection
EndGlobal
